
Microsoft Visual Studio Solution File, Format Version 12.00
# Visual Studio Version 16
VisualStudioVersion = 16.0.30621.155
MinimumVisualStudioVersion = 10.0.40219.1
Project("{FAE04EC0-301F-11D3-BF4B-00C04F79EFBC}") = "MSFSLocalizer", "MSFSLocalizer\MSFSLocalizer.csproj", "{111D1D27-1D95-416F-A4FD-64506E30B2EC}"
EndProject
Project("{2150E333-8FDC-42A3-9474-1A3956D46DE8}") = "Solution Items", "Solution Items", "{8D175155-390C-4BFB-A364-7B909C6BEBA0}"
	ProjectSection(SolutionItems) = preProject
		ChangeLog.txt = ChangeLog.txt
	EndProjectSection
EndProject
Global
	GlobalSection(SolutionConfigurationPlatforms) = preSolution
		Debug|Any CPU = Debug|Any CPU
		Release|Any CPU = Release|Any CPU
	EndGlobalSection
	GlobalSection(ProjectConfigurationPlatforms) = postSolution
		{111D1D27-1D95-416F-A4FD-64506E30B2EC}.Debug|Any CPU.ActiveCfg = Debug|Any CPU
		{111D1D27-1D95-416F-A4FD-64506E30B2EC}.Debug|Any CPU.Build.0 = Debug|Any CPU
		{111D1D27-1D95-416F-A4FD-64506E30B2EC}.Release|Any CPU.ActiveCfg = Release|Any CPU
		{111D1D27-1D95-416F-A4FD-64506E30B2EC}.Release|Any CPU.Build.0 = Release|Any CPU
	EndGlobalSection
	GlobalSection(SolutionProperties) = preSolution
		HideSolutionNode = FALSE
	EndGlobalSection
	GlobalSection(ExtensibilityGlobals) = postSolution
		SolutionGuid = {6BBCFDDA-3AD0-451C-84AC-9E349A25F04E}
	EndGlobalSection
EndGlobal
